PODS:
  - GoogleMaps (8.1.0):
    - GoogleMaps/Maps (= 8.1.0)
  - GoogleMaps/Base (8.1.0)
  - GoogleMaps/Maps (8.1.0):
    - GoogleMaps/Base

DEPENDENCIES:
  - GoogleMaps (= 8.1.0)

SPEC REPOS:
  trunk:
    - GoogleMaps

SPEC CHECKSUMS:
  GoogleMaps: 97300a4b89a3641563782c52228c4530f5fe0d89

PODFILE CHECKSUM: d4e72b342afa0da6c2b03526458171691b1793f5

COCOAPODS: 1.12.1
